
Microsoft Visual Studio Solution File, Format Version 12.00
# Visual Studio 15
VisualStudioVersion = 15.0.27703.2026
MinimumVisualStudioVersion = 10.0.40219.1
Project("{9A19103F-16F7-4668-BE54-9A1E7A4F7556}") = "TransactionGenerator", "TransactionGenerator\TransactionGenerator.csproj", "{8568D62A-9346-440F-BCAB-19EC05C5ECEB}"
EndProject
Project("{9A19103F-16F7-4668-BE54-9A1E7A4F7556}") = "TechImmersion.Common", "TechImmersion.Common\TechImmersion.Common.csproj", "{B5CD823D-FE7F-4CF6-AFEC-78493A403356}"
EndProject
Project("{FAE04EC0-301F-11D3-BF4B-00C04F79EFBC}") = "TechImmersion.CarEventProcessor", "TechImmersion.CarEventProcessor\TechImmersion.CarEventProcessor.csproj", "{828DC472-DF39-4036-AD65-A7CCFE67E20F}"
EndProject
Global
	GlobalSection(SolutionConfigurationPlatforms) = preSolution
		Debug|Any CPU = Debug|Any CPU
		Release|Any CPU = Release|Any CPU
	EndGlobalSection
	GlobalSection(ProjectConfigurationPlatforms) = postSolution
		{8568D62A-9346-440F-BCAB-19EC05C5ECEB}.Debug|Any CPU.ActiveCfg = Debug|Any CPU
		{8568D62A-9346-440F-BCAB-19EC05C5ECEB}.Debug|Any CPU.Build.0 = Debug|Any CPU
		{8568D62A-9346-440F-BCAB-19EC05C5ECEB}.Release|Any CPU.ActiveCfg = Release|Any CPU
		{8568D62A-9346-440F-BCAB-19EC05C5ECEB}.Release|Any CPU.Build.0 = Release|Any CPU
		{B5CD823D-FE7F-4CF6-AFEC-78493A403356}.Debug|Any CPU.ActiveCfg = Debug|Any CPU
		{B5CD823D-FE7F-4CF6-AFEC-78493A403356}.Debug|Any CPU.Build.0 = Debug|Any CPU
		{B5CD823D-FE7F-4CF6-AFEC-78493A403356}.Release|Any CPU.ActiveCfg = Release|Any CPU
		{B5CD823D-FE7F-4CF6-AFEC-78493A403356}.Release|Any CPU.Build.0 = Release|Any CPU
		{828DC472-DF39-4036-AD65-A7CCFE67E20F}.Debug|Any CPU.ActiveCfg = Debug|Any CPU
		{828DC472-DF39-4036-AD65-A7CCFE67E20F}.Debug|Any CPU.Build.0 = Debug|Any CPU
		{828DC472-DF39-4036-AD65-A7CCFE67E20F}.Release|Any CPU.ActiveCfg = Release|Any CPU
		{828DC472-DF39-4036-AD65-A7CCFE67E20F}.Release|Any CPU.Build.0 = Release|Any CPU
	EndGlobalSection
	GlobalSection(SolutionProperties) = preSolution
		HideSolutionNode = FALSE
	EndGlobalSection
	GlobalSection(ExtensibilityGlobals) = postSolution
		SolutionGuid = {2E2D6ADF-4283-4BBD-8261-624ABB08B8DB}
	EndGlobalSection
EndGlobal
