
Microsoft Visual Studio Solution File, Format Version 12.00
# Visual Studio Version 16
VisualStudioVersion = 16.0.28922.388
MinimumVisualStudioVersion = 10.0.40219.1
Project("{FAE04EC0-301F-11D3-BF4B-00C04F79EFBC}") = "DataGenerator", "DataGenerator\DataGenerator.csproj", "{EF66F09F-6989-4271-8625-63CA7D29F28F}"
EndProject
Project("{9A19103F-16F7-4668-BE54-9A1E7A4F7556}") = "CosmosDb.Common", "CosmosDb.Common\CosmosDb.Common.csproj", "{5601B7B1-6327-41C4-A033-E9B3FBCF757A}"
EndProject
Project("{9A19103F-16F7-4668-BE54-9A1E7A4F7556}") = "CustomSkillFunctions", "CustomSkillFunctions\CustomSkillFunctions.csproj", "{79120E53-126A-40F3-BBE9-7037142031BD}"
EndProject
Project("{FAE04EC0-301F-11D3-BF4B-00C04F79EFBC}") = "PipelineEnhancer", "PipelineEnhancer\PipelineEnhancer.csproj", "{2DEA8278-B239-4F63-B745-CD037F2B6BA4}"
EndProject
Global
	GlobalSection(SolutionConfigurationPlatforms) = preSolution
		Debug|Any CPU = Debug|Any CPU
		Release|Any CPU = Release|Any CPU
	EndGlobalSection
	GlobalSection(ProjectConfigurationPlatforms) = postSolution
		{EF66F09F-6989-4271-8625-63CA7D29F28F}.Debug|Any CPU.ActiveCfg = Debug|Any CPU
		{EF66F09F-6989-4271-8625-63CA7D29F28F}.Debug|Any CPU.Build.0 = Debug|Any CPU
		{EF66F09F-6989-4271-8625-63CA7D29F28F}.Release|Any CPU.ActiveCfg = Release|Any CPU
		{EF66F09F-6989-4271-8625-63CA7D29F28F}.Release|Any CPU.Build.0 = Release|Any CPU
		{5601B7B1-6327-41C4-A033-E9B3FBCF757A}.Debug|Any CPU.ActiveCfg = Debug|Any CPU
		{5601B7B1-6327-41C4-A033-E9B3FBCF757A}.Debug|Any CPU.Build.0 = Debug|Any CPU
		{5601B7B1-6327-41C4-A033-E9B3FBCF757A}.Release|Any CPU.ActiveCfg = Release|Any CPU
		{5601B7B1-6327-41C4-A033-E9B3FBCF757A}.Release|Any CPU.Build.0 = Release|Any CPU
		{79120E53-126A-40F3-BBE9-7037142031BD}.Debug|Any CPU.ActiveCfg = Debug|Any CPU
		{79120E53-126A-40F3-BBE9-7037142031BD}.Debug|Any CPU.Build.0 = Debug|Any CPU
		{79120E53-126A-40F3-BBE9-7037142031BD}.Release|Any CPU.ActiveCfg = Release|Any CPU
		{79120E53-126A-40F3-BBE9-7037142031BD}.Release|Any CPU.Build.0 = Release|Any CPU
		{2DEA8278-B239-4F63-B745-CD037F2B6BA4}.Debug|Any CPU.ActiveCfg = Debug|Any CPU
		{2DEA8278-B239-4F63-B745-CD037F2B6BA4}.Debug|Any CPU.Build.0 = Debug|Any CPU
		{2DEA8278-B239-4F63-B745-CD037F2B6BA4}.Release|Any CPU.ActiveCfg = Release|Any CPU
		{2DEA8278-B239-4F63-B745-CD037F2B6BA4}.Release|Any CPU.Build.0 = Release|Any CPU
	EndGlobalSection
	GlobalSection(SolutionProperties) = preSolution
		HideSolutionNode = FALSE
	EndGlobalSection
	GlobalSection(ExtensibilityGlobals) = postSolution
		SolutionGuid = {CFC3D193-F645-4C95-8504-C1C643339F8D}
	EndGlobalSection
EndGlobal
