
Microsoft Visual Studio Solution File, Format Version 12.00
# Visual Studio 15
VisualStudioVersion = 15.0.28307.421
MinimumVisualStudioVersion = 10.0.40219.1
Project("{FAE04EC0-301F-11D3-BF4B-00C04F79EFBC}") = "TweetGenerator", "TweetGenerator\TweetGenerator.csproj", "{AC87A09B-7CB0-45A5-A6DA-4F3161F4CC60}"
EndProject
Project("{9A19103F-16F7-4668-BE54-9A1E7A4F7556}") = "Twitter.Common", "Twitter.Common\Twitter.Common.csproj", "{21164219-0589-4534-BFD0-542963D35C6A}"
EndProject
Project("{FAE04EC0-301F-11D3-BF4B-00C04F79EFBC}") = "TextTranslateFunction", "TextTranslateFunction\TextTranslateFunction.csproj", "{E3993DDE-F074-4A8C-AC6A-9C1CDAC5F455}"
EndProject
Project("{FAE04EC0-301F-11D3-BF4B-00C04F79EFBC}") = "PipelineEnhancer", "PipelineEnhancer\PipelineEnhancer.csproj", "{736BFC1A-3B17-4902-9D9A-49D4D3B8F793}"
EndProject
Global
	GlobalSection(SolutionConfigurationPlatforms) = preSolution
		Debug|Any CPU = Debug|Any CPU
		Release|Any CPU = Release|Any CPU
	EndGlobalSection
	GlobalSection(ProjectConfigurationPlatforms) = postSolution
		{AC87A09B-7CB0-45A5-A6DA-4F3161F4CC60}.Debug|Any CPU.ActiveCfg = Debug|Any CPU
		{AC87A09B-7CB0-45A5-A6DA-4F3161F4CC60}.Debug|Any CPU.Build.0 = Debug|Any CPU
		{AC87A09B-7CB0-45A5-A6DA-4F3161F4CC60}.Release|Any CPU.ActiveCfg = Release|Any CPU
		{AC87A09B-7CB0-45A5-A6DA-4F3161F4CC60}.Release|Any CPU.Build.0 = Release|Any CPU
		{21164219-0589-4534-BFD0-542963D35C6A}.Debug|Any CPU.ActiveCfg = Debug|Any CPU
		{21164219-0589-4534-BFD0-542963D35C6A}.Debug|Any CPU.Build.0 = Debug|Any CPU
		{21164219-0589-4534-BFD0-542963D35C6A}.Release|Any CPU.ActiveCfg = Release|Any CPU
		{21164219-0589-4534-BFD0-542963D35C6A}.Release|Any CPU.Build.0 = Release|Any CPU
		{E3993DDE-F074-4A8C-AC6A-9C1CDAC5F455}.Debug|Any CPU.ActiveCfg = Debug|Any CPU
		{E3993DDE-F074-4A8C-AC6A-9C1CDAC5F455}.Debug|Any CPU.Build.0 = Debug|Any CPU
		{E3993DDE-F074-4A8C-AC6A-9C1CDAC5F455}.Release|Any CPU.ActiveCfg = Release|Any CPU
		{E3993DDE-F074-4A8C-AC6A-9C1CDAC5F455}.Release|Any CPU.Build.0 = Release|Any CPU
		{736BFC1A-3B17-4902-9D9A-49D4D3B8F793}.Debug|Any CPU.ActiveCfg = Debug|Any CPU
		{736BFC1A-3B17-4902-9D9A-49D4D3B8F793}.Debug|Any CPU.Build.0 = Debug|Any CPU
		{736BFC1A-3B17-4902-9D9A-49D4D3B8F793}.Release|Any CPU.ActiveCfg = Release|Any CPU
		{736BFC1A-3B17-4902-9D9A-49D4D3B8F793}.Release|Any CPU.Build.0 = Release|Any CPU
	EndGlobalSection
	GlobalSection(SolutionProperties) = preSolution
		HideSolutionNode = FALSE
	EndGlobalSection
	GlobalSection(ExtensibilityGlobals) = postSolution
		SolutionGuid = {DA09D3E1-BEDA-47A4-B5F3-223A35CE2325}
	EndGlobalSection
EndGlobal
