
Microsoft Visual Studio Solution File, Format Version 12.00
# Visual Studio 15
VisualStudioVersion = 15.0.28307.421
MinimumVisualStudioVersion = 10.0.40219.1
Project("{FAE04EC0-301F-11D3-BF4B-00C04F79EFBC}") = "ContosoAutoOpsWeb", "ContosoAutoOpsWeb\ContosoAutoOpsWeb.csproj", "{CC1D9B0B-60CC-46F4-ACBA-A9C3D4365AA4}"
EndProject
Global
	GlobalSection(SolutionConfigurationPlatforms) = preSolution
		Debug|Any CPU = Debug|Any CPU
		Release|Any CPU = Release|Any CPU
	EndGlobalSection
	GlobalSection(ProjectConfigurationPlatforms) = postSolution
		{CC1D9B0B-60CC-46F4-ACBA-A9C3D4365AA4}.Debug|Any CPU.ActiveCfg = Debug|Any CPU
		{CC1D9B0B-60CC-46F4-ACBA-A9C3D4365AA4}.Debug|Any CPU.Build.0 = Debug|Any CPU
		{CC1D9B0B-60CC-46F4-ACBA-A9C3D4365AA4}.Release|Any CPU.ActiveCfg = Release|Any CPU
		{CC1D9B0B-60CC-46F4-ACBA-A9C3D4365AA4}.Release|Any CPU.Build.0 = Release|Any CPU
	EndGlobalSection
	GlobalSection(SolutionProperties) = preSolution
		HideSolutionNode = FALSE
	EndGlobalSection
	GlobalSection(ExtensibilityGlobals) = postSolution
		SolutionGuid = {4CA6BADE-1B04-43D9-B127-077238FB50F6}
	EndGlobalSection
EndGlobal
